
Microsoft Visual Studio Solution File, Format Version 12.00
# Visual Studio 15
VisualStudioVersion = 15.0.27004.2009
MinimumVisualStudioVersion = 10.0.40219.1
Project("{FAE04EC0-301F-11D3-BF4B-00C04F79EFBC}") = "Ratcow.Debugging.Server", "Ratcow.Debugging.Server\Ratcow.Debugging.Server.csproj", "{ED9721AE-0E70-43DA-8062-2803E5F2AECE}"
EndProject
Project("{FAE04EC0-301F-11D3-BF4B-00C04F79EFBC}") = "Ratcow.Debugging.Server.Tests", "Ratcow.Debugging.Server.Tests\Ratcow.Debugging.Server.Tests.csproj", "{F5359251-AA8F-46E1-972D-5053480067EF}"
EndProject
Project("{FAE04EC0-301F-11D3-BF4B-00C04F79EFBC}") = "SimpleServerStarter", "SimpleServerStarter\SimpleServerStarter.csproj", "{42FFD08B-4747-483A-BD90-1BEEFD77EA87}"
EndProject
Project("{FAE04EC0-301F-11D3-BF4B-00C04F79EFBC}") = "Ratcow.Debugging.Client", "Ratcow.Debugging.Client\Ratcow.Debugging.Client.csproj", "{D9C3D124-87CA-4875-A0BA-B581FA41A87C}"
EndProject
Project("{FAE04EC0-301F-11D3-BF4B-00C04F79EFBC}") = "SimpleClientTest", "SimpleClientTest\SimpleClientTest.csproj", "{4570F611-93F0-4B4F-9ABA-CC9D7171FBE1}"
EndProject
Project("{2150E333-8FDC-42A3-9474-1A3956D46DE8}") = "Libs", "Libs", "{B3DDDA92-7214-4EC6-93DD-73F9CDFC19F1}"
EndProject
Project("{2150E333-8FDC-42A3-9474-1A3956D46DE8}") = "Tests", "Tests", "{E903502E-50E3-4F30-948F-6B6C6055B253}"
EndProject
Project("{2150E333-8FDC-42A3-9474-1A3956D46DE8}") = "Examples", "Examples", "{D4AF5949-1654-4EEC-89E0-D4D21FAB89CA}"
EndProject
Project("{2150E333-8FDC-42A3-9474-1A3956D46DE8}") = "Solution Items", "Solution Items", "{AB18F94D-19CE-4520-B7C6-CDA584B2041F}"
	ProjectSection(SolutionItems) = preProject
		Ratcow.Debugging.Client.nuspec = Ratcow.Debugging.Client.nuspec
		Ratcow.Debugging.Server.nuspec = Ratcow.Debugging.Server.nuspec
		README.md = README.md
	EndProjectSection
EndProject
Project("{FAE04EC0-301F-11D3-BF4B-00C04F79EFBC}") = "Ratcow.DebugViewer", "Ratcow.DebugViewer\Ratcow.DebugViewer.csproj", "{CB82B285-88A6-4BFA-AC05-DEF0180BB1AB}"
EndProject
Global
	GlobalSection(SolutionConfigurationPlatforms) = preSolution
		Debug|Any CPU = Debug|Any CPU
		Release|Any CPU = Release|Any CPU
	EndGlobalSection
	GlobalSection(ProjectConfigurationPlatforms) = postSolution
		{ED9721AE-0E70-43DA-8062-2803E5F2AECE}.Debug|Any CPU.ActiveCfg = Debug|Any CPU
		{ED9721AE-0E70-43DA-8062-2803E5F2AECE}.Debug|Any CPU.Build.0 = Debug|Any CPU
		{ED9721AE-0E70-43DA-8062-2803E5F2AECE}.Release|Any CPU.ActiveCfg = Release|Any CPU
		{ED9721AE-0E70-43DA-8062-2803E5F2AECE}.Release|Any CPU.Build.0 = Release|Any CPU
		{F5359251-AA8F-46E1-972D-5053480067EF}.Debug|Any CPU.ActiveCfg = Debug|Any CPU
		{F5359251-AA8F-46E1-972D-5053480067EF}.Debug|Any CPU.Build.0 = Debug|Any CPU
		{F5359251-AA8F-46E1-972D-5053480067EF}.Release|Any CPU.ActiveCfg = Release|Any CPU
		{F5359251-AA8F-46E1-972D-5053480067EF}.Release|Any CPU.Build.0 = Release|Any CPU
		{42FFD08B-4747-483A-BD90-1BEEFD77EA87}.Debug|Any CPU.ActiveCfg = Debug|Any CPU
		{42FFD08B-4747-483A-BD90-1BEEFD77EA87}.Debug|Any CPU.Build.0 = Debug|Any CPU
		{42FFD08B-4747-483A-BD90-1BEEFD77EA87}.Release|Any CPU.ActiveCfg = Release|Any CPU
		{42FFD08B-4747-483A-BD90-1BEEFD77EA87}.Release|Any CPU.Build.0 = Release|Any CPU
		{D9C3D124-87CA-4875-A0BA-B581FA41A87C}.Debug|Any CPU.ActiveCfg = Debug|Any CPU
		{D9C3D124-87CA-4875-A0BA-B581FA41A87C}.Debug|Any CPU.Build.0 = Debug|Any CPU
		{D9C3D124-87CA-4875-A0BA-B581FA41A87C}.Release|Any CPU.ActiveCfg = Release|Any CPU
		{D9C3D124-87CA-4875-A0BA-B581FA41A87C}.Release|Any CPU.Build.0 = Release|Any CPU
		{4570F611-93F0-4B4F-9ABA-CC9D7171FBE1}.Debug|Any CPU.ActiveCfg = Debug|Any CPU
		{4570F611-93F0-4B4F-9ABA-CC9D7171FBE1}.Debug|Any CPU.Build.0 = Debug|Any CPU
		{4570F611-93F0-4B4F-9ABA-CC9D7171FBE1}.Release|Any CPU.ActiveCfg = Release|Any CPU
		{4570F611-93F0-4B4F-9ABA-CC9D7171FBE1}.Release|Any CPU.Build.0 = Release|Any CPU
		{CB82B285-88A6-4BFA-AC05-DEF0180BB1AB}.Debug|Any CPU.ActiveCfg = Debug|Any CPU
		{CB82B285-88A6-4BFA-AC05-DEF0180BB1AB}.Debug|Any CPU.Build.0 = Debug|Any CPU
		{CB82B285-88A6-4BFA-AC05-DEF0180BB1AB}.Release|Any CPU.ActiveCfg = Release|Any CPU
		{CB82B285-88A6-4BFA-AC05-DEF0180BB1AB}.Release|Any CPU.Build.0 = Release|Any CPU
	EndGlobalSection
	GlobalSection(SolutionProperties) = preSolution
		HideSolutionNode = FALSE
	EndGlobalSection
	GlobalSection(NestedProjects) = preSolution
		{ED9721AE-0E70-43DA-8062-2803E5F2AECE} = {B3DDDA92-7214-4EC6-93DD-73F9CDFC19F1}
		{F5359251-AA8F-46E1-972D-5053480067EF} = {E903502E-50E3-4F30-948F-6B6C6055B253}
		{42FFD08B-4747-483A-BD90-1BEEFD77EA87} = {D4AF5949-1654-4EEC-89E0-D4D21FAB89CA}
		{D9C3D124-87CA-4875-A0BA-B581FA41A87C} = {B3DDDA92-7214-4EC6-93DD-73F9CDFC19F1}
		{4570F611-93F0-4B4F-9ABA-CC9D7171FBE1} = {D4AF5949-1654-4EEC-89E0-D4D21FAB89CA}
		{CB82B285-88A6-4BFA-AC05-DEF0180BB1AB} = {D4AF5949-1654-4EEC-89E0-D4D21FAB89CA}
	EndGlobalSection
	GlobalSection(ExtensibilityGlobals) = postSolution
		SolutionGuid = {91ED84D8-1C4D-4320-9AA8-47CA343EAB0C}
	EndGlobalSection
EndGlobal
